
Microsoft Visual Studio Solution File, Format Version 12.00
# Visual Studio 15
VisualStudioVersion = 15.0.27703.2035
MinimumVisualStudioVersion = 10.0.40219.1
Project("{9A19103F-16F7-4668-BE54-9A1E7A4F7556}") = "RealmObjectVM", "RealmObjectVM\RealmObjectVM.csproj", "{5465ED78-00A0-44EC-81C7-D6FD56B237E1}"
EndProject
Project("{FAE04EC0-301F-11D3-BF4B-00C04F79EFBC}") = "RealmObjectVMDroid", "RealmObjectVMDroid\RealmObjectVMDroid.csproj", "{3BC0AC7E-3B3B-4D3F-9CC0-B2BDECC460A6}"
EndProject
Project("{FAE04EC0-301F-11D3-BF4B-00C04F79EFBC}") = "RealmObjectVMUWP", "RealmObjectVMUWP\RealmObjectVMUWP.csproj", "{67256396-69E5-4D17-A66F-135353319DA4}"
EndProject
Project("{2150E333-8FDC-42A3-9474-1A3956D46DE8}") = "Solution Items", "Solution Items", "{1BACA5FF-E547-40D9-A4C7-F7096958193E}"
	ProjectSection(SolutionItems) = preProject
		README.md = README.md
	EndProjectSection
EndProject
Global
	GlobalSection(SolutionConfigurationPlatforms) = preSolution
		Debug|Any CPU = Debug|Any CPU
		Debug|ARM = Debug|ARM
		Debug|x64 = Debug|x64
		Debug|x86 = Debug|x86
		Release|Any CPU = Release|Any CPU
		Release|ARM = Release|ARM
		Release|x64 = Release|x64
		Release|x86 = Release|x86
	EndGlobalSection
	GlobalSection(ProjectConfigurationPlatforms) = postSolution
		{5465ED78-00A0-44EC-81C7-D6FD56B237E1}.Debug|Any CPU.ActiveCfg = Debug|Any CPU
		{5465ED78-00A0-44EC-81C7-D6FD56B237E1}.Debug|Any CPU.Build.0 = Debug|Any CPU
		{5465ED78-00A0-44EC-81C7-D6FD56B237E1}.Debug|ARM.ActiveCfg = Debug|Any CPU
		{5465ED78-00A0-44EC-81C7-D6FD56B237E1}.Debug|ARM.Build.0 = Debug|Any CPU
		{5465ED78-00A0-44EC-81C7-D6FD56B237E1}.Debug|x64.ActiveCfg = Debug|Any CPU
		{5465ED78-00A0-44EC-81C7-D6FD56B237E1}.Debug|x64.Build.0 = Debug|Any CPU
		{5465ED78-00A0-44EC-81C7-D6FD56B237E1}.Debug|x86.ActiveCfg = Debug|Any CPU
		{5465ED78-00A0-44EC-81C7-D6FD56B237E1}.Debug|x86.Build.0 = Debug|Any CPU
		{5465ED78-00A0-44EC-81C7-D6FD56B237E1}.Release|Any CPU.ActiveCfg = Release|Any CPU
		{5465ED78-00A0-44EC-81C7-D6FD56B237E1}.Release|Any CPU.Build.0 = Release|Any CPU
		{5465ED78-00A0-44EC-81C7-D6FD56B237E1}.Release|ARM.ActiveCfg = Release|Any CPU
		{5465ED78-00A0-44EC-81C7-D6FD56B237E1}.Release|ARM.Build.0 = Release|Any CPU
		{5465ED78-00A0-44EC-81C7-D6FD56B237E1}.Release|x64.ActiveCfg = Release|Any CPU
		{5465ED78-00A0-44EC-81C7-D6FD56B237E1}.Release|x64.Build.0 = Release|Any CPU
		{5465ED78-00A0-44EC-81C7-D6FD56B237E1}.Release|x86.ActiveCfg = Release|Any CPU
		{5465ED78-00A0-44EC-81C7-D6FD56B237E1}.Release|x86.Build.0 = Release|Any CPU
		{3BC0AC7E-3B3B-4D3F-9CC0-B2BDECC460A6}.Debug|Any CPU.ActiveCfg = Debug|Any CPU
		{3BC0AC7E-3B3B-4D3F-9CC0-B2BDECC460A6}.Debug|Any CPU.Build.0 = Debug|Any CPU
		{3BC0AC7E-3B3B-4D3F-9CC0-B2BDECC460A6}.Debug|Any CPU.Deploy.0 = Debug|Any CPU
		{3BC0AC7E-3B3B-4D3F-9CC0-B2BDECC460A6}.Debug|ARM.ActiveCfg = Debug|Any CPU
		{3BC0AC7E-3B3B-4D3F-9CC0-B2BDECC460A6}.Debug|ARM.Build.0 = Debug|Any CPU
		{3BC0AC7E-3B3B-4D3F-9CC0-B2BDECC460A6}.Debug|ARM.Deploy.0 = Debug|Any CPU
		{3BC0AC7E-3B3B-4D3F-9CC0-B2BDECC460A6}.Debug|x64.ActiveCfg = Debug|Any CPU
		{3BC0AC7E-3B3B-4D3F-9CC0-B2BDECC460A6}.Debug|x64.Build.0 = Debug|Any CPU
		{3BC0AC7E-3B3B-4D3F-9CC0-B2BDECC460A6}.Debug|x64.Deploy.0 = Debug|Any CPU
		{3BC0AC7E-3B3B-4D3F-9CC0-B2BDECC460A6}.Debug|x86.ActiveCfg = Debug|Any CPU
		{3BC0AC7E-3B3B-4D3F-9CC0-B2BDECC460A6}.Debug|x86.Build.0 = Debug|Any CPU
		{3BC0AC7E-3B3B-4D3F-9CC0-B2BDECC460A6}.Debug|x86.Deploy.0 = Debug|Any CPU
		{3BC0AC7E-3B3B-4D3F-9CC0-B2BDECC460A6}.Release|Any CPU.ActiveCfg = Release|Any CPU
		{3BC0AC7E-3B3B-4D3F-9CC0-B2BDECC460A6}.Release|Any CPU.Build.0 = Release|Any CPU
		{3BC0AC7E-3B3B-4D3F-9CC0-B2BDECC460A6}.Release|Any CPU.Deploy.0 = Release|Any CPU
		{3BC0AC7E-3B3B-4D3F-9CC0-B2BDECC460A6}.Release|ARM.ActiveCfg = Release|Any CPU
		{3BC0AC7E-3B3B-4D3F-9CC0-B2BDECC460A6}.Release|ARM.Build.0 = Release|Any CPU
		{3BC0AC7E-3B3B-4D3F-9CC0-B2BDECC460A6}.Release|ARM.Deploy.0 = Release|Any CPU
		{3BC0AC7E-3B3B-4D3F-9CC0-B2BDECC460A6}.Release|x64.ActiveCfg = Release|Any CPU
		{3BC0AC7E-3B3B-4D3F-9CC0-B2BDECC460A6}.Release|x64.Build.0 = Release|Any CPU
		{3BC0AC7E-3B3B-4D3F-9CC0-B2BDECC460A6}.Release|x64.Deploy.0 = Release|Any CPU
		{3BC0AC7E-3B3B-4D3F-9CC0-B2BDECC460A6}.Release|x86.ActiveCfg = Release|Any CPU
		{3BC0AC7E-3B3B-4D3F-9CC0-B2BDECC460A6}.Release|x86.Build.0 = Release|Any CPU
		{3BC0AC7E-3B3B-4D3F-9CC0-B2BDECC460A6}.Release|x86.Deploy.0 = Release|Any CPU
		{67256396-69E5-4D17-A66F-135353319DA4}.Debug|Any CPU.ActiveCfg = Debug|x86
		{67256396-69E5-4D17-A66F-135353319DA4}.Debug|Any CPU.Build.0 = Debug|x86
		{67256396-69E5-4D17-A66F-135353319DA4}.Debug|Any CPU.Deploy.0 = Debug|x86
		{67256396-69E5-4D17-A66F-135353319DA4}.Debug|ARM.ActiveCfg = Debug|ARM
		{67256396-69E5-4D17-A66F-135353319DA4}.Debug|ARM.Build.0 = Debug|ARM
		{67256396-69E5-4D17-A66F-135353319DA4}.Debug|ARM.Deploy.0 = Debug|ARM
		{67256396-69E5-4D17-A66F-135353319DA4}.Debug|x64.ActiveCfg = Debug|x64
		{67256396-69E5-4D17-A66F-135353319DA4}.Debug|x64.Build.0 = Debug|x64
		{67256396-69E5-4D17-A66F-135353319DA4}.Debug|x64.Deploy.0 = Debug|x64
		{67256396-69E5-4D17-A66F-135353319DA4}.Debug|x86.ActiveCfg = Debug|x86
		{67256396-69E5-4D17-A66F-135353319DA4}.Debug|x86.Build.0 = Debug|x86
		{67256396-69E5-4D17-A66F-135353319DA4}.Debug|x86.Deploy.0 = Debug|x86
		{67256396-69E5-4D17-A66F-135353319DA4}.Release|Any CPU.ActiveCfg = Release|x86
		{67256396-69E5-4D17-A66F-135353319DA4}.Release|ARM.ActiveCfg = Release|ARM
		{67256396-69E5-4D17-A66F-135353319DA4}.Release|ARM.Build.0 = Release|ARM
		{67256396-69E5-4D17-A66F-135353319DA4}.Release|ARM.Deploy.0 = Release|ARM
		{67256396-69E5-4D17-A66F-135353319DA4}.Release|x64.ActiveCfg = Release|x64
		{67256396-69E5-4D17-A66F-135353319DA4}.Release|x64.Build.0 = Release|x64
		{67256396-69E5-4D17-A66F-135353319DA4}.Release|x64.Deploy.0 = Release|x64
		{67256396-69E5-4D17-A66F-135353319DA4}.Release|x86.ActiveCfg = Release|x86
		{67256396-69E5-4D17-A66F-135353319DA4}.Release|x86.Build.0 = Release|x86
		{67256396-69E5-4D17-A66F-135353319DA4}.Release|x86.Deploy.0 = Release|x86
	EndGlobalSection
	GlobalSection(SolutionProperties) = preSolution
		HideSolutionNode = FALSE
	EndGlobalSection
	GlobalSection(ExtensibilityGlobals) = postSolution
		SolutionGuid = {EE1A1F2E-E66F-450D-A4AE-B519670B73CF}
	EndGlobalSection
EndGlobal
